
Microsoft Visual Studio Solution File, Format Version 12.00
# Visual Studio Version 16
VisualStudioVersion = 16.0.30011.22
MinimumVisualStudioVersion = 10.0.40219.1
Project("{9A19103F-16F7-4668-BE54-9A1E7A4F7556}") = "MyADO", "MyADO.csproj", "{A47406E6-0BE1-4673-981E-1D83760C6275}"
EndProject
Global
	GlobalSection(SolutionConfigurationPlatforms) = preSolution
		Debug|Any CPU = Debug|Any CPU
		Release|Any CPU = Release|Any CPU
	EndGlobalSection
	GlobalSection(ProjectConfigurationPlatforms) = postSolution
		{A47406E6-0BE1-4673-981E-1D83760C6275}.Debug|Any CPU.ActiveCfg = Debug|Any CPU
		{A47406E6-0BE1-4673-981E-1D83760C6275}.Debug|Any CPU.Build.0 = Debug|Any CPU
		{A47406E6-0BE1-4673-981E-1D83760C6275}.Release|Any CPU.ActiveCfg = Release|Any CPU
		{A47406E6-0BE1-4673-981E-1D83760C6275}.Release|Any CPU.Build.0 = Release|Any CPU
	EndGlobalSection
	GlobalSection(SolutionProperties) = preSolution
		HideSolutionNode = FALSE
	EndGlobalSection
	GlobalSection(ExtensibilityGlobals) = postSolution
		SolutionGuid = {8500B4BD-B4AA-4C62-AF41-27DA2024C4F8}
	EndGlobalSection
EndGlobal
